
Microsoft Visual Studio Solution File, Format Version 12.00
# Visual Studio Version 16
VisualStudioVersion = 16.0.31424.327
MinimumVisualStudioVersion = 10.0.40219.1
Project("{FAE04EC0-301F-11D3-BF4B-00C04F79EFBC}") = "Sem5-ManejoArchivos2908", "Sem5-ManejoArchivos2908\Sem5-ManejoArchivos2908.csproj", "{587DBBB6-C90C-407E-BF55-85E65586E7D3}"
EndProject
Global
	GlobalSection(SolutionConfigurationPlatforms) = preSolution
		Debug|Any CPU = Debug|Any CPU
		Release|Any CPU = Release|Any CPU
	EndGlobalSection
	GlobalSection(ProjectConfigurationPlatforms) = postSolution
		{587DBBB6-C90C-407E-BF55-85E65586E7D3}.Debug|Any CPU.ActiveCfg = Debug|Any CPU
		{587DBBB6-C90C-407E-BF55-85E65586E7D3}.Debug|Any CPU.Build.0 = Debug|Any CPU
		{587DBBB6-C90C-407E-BF55-85E65586E7D3}.Release|Any CPU.ActiveCfg = Release|Any CPU
		{587DBBB6-C90C-407E-BF55-85E65586E7D3}.Release|Any CPU.Build.0 = Release|Any CPU
	EndGlobalSection
	GlobalSection(SolutionProperties) = preSolution
		HideSolutionNode = FALSE
	EndGlobalSection
	GlobalSection(ExtensibilityGlobals) = postSolution
		SolutionGuid = {FDA90B35-F37E-434F-B27B-99F6300CEECF}
	EndGlobalSection
EndGlobal
